{
  "name": "vue-mini",
  "version": "1.0.0",
  "lockfileVersion": 1,
  "requires": true,
  "dependencies": {
    "@vue/reactivity": {
      "version": "3.1.4",
      "resolved": "https://registry.nlark.com/@vue/reactivity/download/@vue/reactivity-3.1.4.tgz?cache=0&other_urls=https%3A%2F%2Fregistry.nlark.com%2F%40vue%2Freactivity%2Fdownload%2F%40vue%2Freactivity-3.1.4.tgz",
      "integrity": "sha1-2SbtRvsNSFgsz4ZlsGLTe101upk=",
      "requires": {
        "@vue/shared": "3.1.4"
      }
    },
    "@vue/shared": {
      "version": "3.1.4",
      "resolved": "https://registry.nlark.com/@vue/shared/download/@vue/shared-3.1.4.tgz",
      "integrity": "sha1-wUxGHsQuosFVbob2CwNUNB2RrcM="
    }
  }
}
